
Microsoft Visual Studio Solution File, Format Version 12.00
# Visual Studio Version 17
VisualStudioVersion = 17.12.35514.174
MinimumVisualStudioVersion = 10.0.40219.1
Project("{2150E333-8FDC-42A3-9474-1A3956D46DE8}") = "Handler", "Handler", "{CBC94F0B-911B-484A-8B92-2FD41812F514}"
EndProject
Project("{FAE04EC0-301F-11D3-BF4B-00C04F79EFBC}") = "Handler.Domain", "Handler\Core\Domain\Handler.Domain.csproj", "{09762CA4-EA15-4E23-962E-6173BCAF96E7}"
EndProject
Project("{FAE04EC0-301F-11D3-BF4B-00C04F79EFBC}") = "Handler.Application", "Handler\Core\Application\Handler.Application.csproj", "{ED40E0C9-A2FC-4BFC-899E-3CB46B2C6473}"
EndProject
Project("{FAE04EC0-301F-11D3-BF4B-00C04F79EFBC}") = "Handler.Infrastructure", "Handler\External\Infrastructure\Handler.Infrastructure.csproj", "{0AFA1AFC-E2B0-41EC-A01B-B1E6928DF851}"
EndProject
Project("{FAE04EC0-301F-11D3-BF4B-00C04F79EFBC}") = "Handler.Presentation", "Handler\External\Presentation\Handler.Presentation.csproj", "{6943D807-CFD3-42D3-8AFC-94A361A03D87}"
EndProject
Project("{2150E333-8FDC-42A3-9474-1A3956D46DE8}") = "Punter", "Punter", "{1F3C3F04-528A-4B78-83F6-BBE2C0B3896F}"
EndProject
Project("{FAE04EC0-301F-11D3-BF4B-00C04F79EFBC}") = "Punter.Domain", "Punter\Core\Domain\Punter.Domain.csproj", "{1A089A6A-ED45-4084-877B-A2E7511B51F7}"
EndProject
Project("{FAE04EC0-301F-11D3-BF4B-00C04F79EFBC}") = "Putner.Presentation", "Punter\External\Presentation\Putner.Presentation.csproj", "{D7C77770-FF6A-4C49-9B9E-14F88CA24964}"
EndProject
Project("{E53339B2-1760-4266-BCC7-CA923CBCF16C}") = "docker-compose", "docker-compose.dcproj", "{A643505C-2541-4A01-8BB7-768DC5FCF6CF}"
EndProject
Project("{2150E333-8FDC-42A3-9474-1A3956D46DE8}") = "Solution Items", "Solution Items", "{D53323D8-C9D1-492F-A10F-2419760005B8}"
	ProjectSection(SolutionItems) = preProject
		readme.md = readme.md
	EndProjectSection
EndProject
Global
	GlobalSection(SolutionConfigurationPlatforms) = preSolution
		Debug|Any CPU = Debug|Any CPU
		Release|Any CPU = Release|Any CPU
	EndGlobalSection
	GlobalSection(ProjectConfigurationPlatforms) = postSolution
		{09762CA4-EA15-4E23-962E-6173BCAF96E7}.Debug|Any CPU.ActiveCfg = Debug|Any CPU
		{09762CA4-EA15-4E23-962E-6173BCAF96E7}.Debug|Any CPU.Build.0 = Debug|Any CPU
		{09762CA4-EA15-4E23-962E-6173BCAF96E7}.Release|Any CPU.ActiveCfg = Release|Any CPU
		{09762CA4-EA15-4E23-962E-6173BCAF96E7}.Release|Any CPU.Build.0 = Release|Any CPU
		{ED40E0C9-A2FC-4BFC-899E-3CB46B2C6473}.Debug|Any CPU.ActiveCfg = Debug|Any CPU
		{ED40E0C9-A2FC-4BFC-899E-3CB46B2C6473}.Debug|Any CPU.Build.0 = Debug|Any CPU
		{ED40E0C9-A2FC-4BFC-899E-3CB46B2C6473}.Release|Any CPU.ActiveCfg = Release|Any CPU
		{ED40E0C9-A2FC-4BFC-899E-3CB46B2C6473}.Release|Any CPU.Build.0 = Release|Any CPU
		{0AFA1AFC-E2B0-41EC-A01B-B1E6928DF851}.Debug|Any CPU.ActiveCfg = Debug|Any CPU
		{0AFA1AFC-E2B0-41EC-A01B-B1E6928DF851}.Debug|Any CPU.Build.0 = Debug|Any CPU
		{0AFA1AFC-E2B0-41EC-A01B-B1E6928DF851}.Release|Any CPU.ActiveCfg = Release|Any CPU
		{0AFA1AFC-E2B0-41EC-A01B-B1E6928DF851}.Release|Any CPU.Build.0 = Release|Any CPU
		{6943D807-CFD3-42D3-8AFC-94A361A03D87}.Debug|Any CPU.ActiveCfg = Debug|Any CPU
		{6943D807-CFD3-42D3-8AFC-94A361A03D87}.Debug|Any CPU.Build.0 = Debug|Any CPU
		{6943D807-CFD3-42D3-8AFC-94A361A03D87}.Release|Any CPU.ActiveCfg = Release|Any CPU
		{6943D807-CFD3-42D3-8AFC-94A361A03D87}.Release|Any CPU.Build.0 = Release|Any CPU
		{1A089A6A-ED45-4084-877B-A2E7511B51F7}.Debug|Any CPU.ActiveCfg = Debug|Any CPU
		{1A089A6A-ED45-4084-877B-A2E7511B51F7}.Debug|Any CPU.Build.0 = Debug|Any CPU
		{1A089A6A-ED45-4084-877B-A2E7511B51F7}.Release|Any CPU.ActiveCfg = Release|Any CPU
		{1A089A6A-ED45-4084-877B-A2E7511B51F7}.Release|Any CPU.Build.0 = Release|Any CPU
		{D7C77770-FF6A-4C49-9B9E-14F88CA24964}.Debug|Any CPU.ActiveCfg = Debug|Any CPU
		{D7C77770-FF6A-4C49-9B9E-14F88CA24964}.Debug|Any CPU.Build.0 = Debug|Any CPU
		{D7C77770-FF6A-4C49-9B9E-14F88CA24964}.Release|Any CPU.ActiveCfg = Release|Any CPU
		{D7C77770-FF6A-4C49-9B9E-14F88CA24964}.Release|Any CPU.Build.0 = Release|Any CPU
		{A643505C-2541-4A01-8BB7-768DC5FCF6CF}.Debug|Any CPU.ActiveCfg = Debug|Any CPU
		{A643505C-2541-4A01-8BB7-768DC5FCF6CF}.Debug|Any CPU.Build.0 = Debug|Any CPU
		{A643505C-2541-4A01-8BB7-768DC5FCF6CF}.Release|Any CPU.ActiveCfg = Release|Any CPU
		{A643505C-2541-4A01-8BB7-768DC5FCF6CF}.Release|Any CPU.Build.0 = Release|Any CPU
	EndGlobalSection
	GlobalSection(SolutionProperties) = preSolution
		HideSolutionNode = FALSE
	EndGlobalSection
	GlobalSection(NestedProjects) = preSolution
		{09762CA4-EA15-4E23-962E-6173BCAF96E7} = {CBC94F0B-911B-484A-8B92-2FD41812F514}
		{ED40E0C9-A2FC-4BFC-899E-3CB46B2C6473} = {CBC94F0B-911B-484A-8B92-2FD41812F514}
		{0AFA1AFC-E2B0-41EC-A01B-B1E6928DF851} = {CBC94F0B-911B-484A-8B92-2FD41812F514}
		{6943D807-CFD3-42D3-8AFC-94A361A03D87} = {CBC94F0B-911B-484A-8B92-2FD41812F514}
		{1A089A6A-ED45-4084-877B-A2E7511B51F7} = {1F3C3F04-528A-4B78-83F6-BBE2C0B3896F}
		{D7C77770-FF6A-4C49-9B9E-14F88CA24964} = {1F3C3F04-528A-4B78-83F6-BBE2C0B3896F}
	EndGlobalSection
EndGlobal
